
Microsoft Visual Studio Solution File, Format Version 12.00
# Visual Studio 15
VisualStudioVersion = 15.0.27004.2005
MinimumVisualStudioVersion = 10.0.40219.1
Project("{FAE04EC0-301F-11D3-BF4B-00C04F79EFBC}") = "4fotos", "4fotos\4fotos.csproj", "{7163FC74-DB92-47CA-BB83-97D1DF7E88AE}"
EndProject
Global
	GlobalSection(SolutionConfigurationPlatforms) = preSolution
		Debug|Any CPU = Debug|Any CPU
		Release|Any CPU = Release|Any CPU
	EndGlobalSection
	GlobalSection(ProjectConfigurationPlatforms) = postSolution
		{7163FC74-DB92-47CA-BB83-97D1DF7E88AE}.Debug|Any CPU.ActiveCfg = Debug|Any CPU
		{7163FC74-DB92-47CA-BB83-97D1DF7E88AE}.Debug|Any CPU.Build.0 = Debug|Any CPU
		{7163FC74-DB92-47CA-BB83-97D1DF7E88AE}.Release|Any CPU.ActiveCfg = Release|Any CPU
		{7163FC74-DB92-47CA-BB83-97D1DF7E88AE}.Release|Any CPU.Build.0 = Release|Any CPU
	EndGlobalSection
	GlobalSection(SolutionProperties) = preSolution
		HideSolutionNode = FALSE
	EndGlobalSection
	GlobalSection(ExtensibilityGlobals) = postSolution
		SolutionGuid = {DA5A35AC-64E7-4900-8EA8-3C763186815F}
	EndGlobalSection
EndGlobal
