
Microsoft Visual Studio Solution File, Format Version 12.00
# Visual Studio 15
VisualStudioVersion = 15.0.27004.2005
MinimumVisualStudioVersion = 10.0.40219.1
Project("{FAE04EC0-301F-11D3-BF4B-00C04F79EFBC}") = "ProyectoJuego", "ProyectoJuego\ProyectoJuego.csproj", "{42924C1D-997B-4173-9CBD-1B7E108FB23B}"
EndProject
Global
	GlobalSection(SolutionConfigurationPlatforms) = preSolution
		Debug|Any CPU = Debug|Any CPU
		Release|Any CPU = Release|Any CPU
	EndGlobalSection
	GlobalSection(ProjectConfigurationPlatforms) = postSolution
		{42924C1D-997B-4173-9CBD-1B7E108FB23B}.Debug|Any CPU.ActiveCfg = Debug|Any CPU
		{42924C1D-997B-4173-9CBD-1B7E108FB23B}.Debug|Any CPU.Build.0 = Debug|Any CPU
		{42924C1D-997B-4173-9CBD-1B7E108FB23B}.Release|Any CPU.ActiveCfg = Release|Any CPU
		{42924C1D-997B-4173-9CBD-1B7E108FB23B}.Release|Any CPU.Build.0 = Release|Any CPU
	EndGlobalSection
	GlobalSection(SolutionProperties) = preSolution
		HideSolutionNode = FALSE
	EndGlobalSection
	GlobalSection(ExtensibilityGlobals) = postSolution
		SolutionGuid = {2440C18F-2F68-4316-AE61-5354247F5B32}
	EndGlobalSection
EndGlobal
